<?xml version="1.0" encoding="utf-8"?>
<Project ToolsVersion="14.0" xmlns="http://schemas.microsoft.com/developer/msbuild/2003">
  <ItemGroup>
    <Filter Include="generated">
      <UniqueIdentifier>{0afe0d29-e182-44d8-9f6a-844e29f8f17e}</UniqueIdentifier>
    </Filter>
    <Filter Include="tests">
      <UniqueIdentifier>{4FC737F1-C7A5-4376-A066-2A32D752A2FF}</UniqueIdentifier>
    </Filter>
  </ItemGroup>
  <ItemGroup>
    <ClInclude Include="..\..\..\hltypes\unittest\hunittest.h" />
  </ItemGroup>
  <ItemGroup>
    <ClCompile Include="..\..\unittest\generated\_Rectangle.cpp">
      <Filter>generated</Filter>
    </ClCompile>
    <ClCompile Include="..\..\unittest\Rectangle.cpp">
      <Filter>tests</Filter>
    </ClCompile>
    <ClCompile Include="..\..\..\hltypes\unittest\hunittest.cpp" />
    <ClCompile Include="..\..\unittest\generated\_Vector3.cpp">
      <Filter>generated</Filter>
    </ClCompile>
    <ClCompile Include="..\..\unittest\generated\_Matrix3.cpp">
      <Filter>generated</Filter>
    </ClCompile>
    <ClCompile Include="..\..\unittest\generated\_Vector2.cpp">
      <Filter>generated</Filter>
    </ClCompile>
    <ClCompile Include="..\..\unittest\Matrix3.cpp">
      <Filter>tests</Filter>
    </ClCompile>
    <ClCompile Include="..\..\unittest\Vector2.cpp">
      <Filter>tests</Filter>
    </ClCompile>
    <ClCompile Include="..\..\unittest\Vector3.cpp">
      <Filter>tests</Filter>
    </ClCompile>
  </ItemGroup>
</Project>