
Microsoft Visual Studio Solution File, Format Version 12.00
# Visual Studio Express 14 for Windows
VisualStudioVersion = 14.0.25420.1
MinimumVisualStudioVersion = 10.0.40219.1
Project("{8BC9CEB8-8B4A-11D0-8D11-00A0C91BC942}") = "libgtypes", "msvc\vs2015-uwp\libgtypes.vcxproj", "{9C043B29-DB40-48D5-97D8-1BC44128E3BA}"
EndProject
Project("{8BC9CEB8-8B4A-11D0-8D11-00A0C91BC942}") = "libgtypes_tests", "msvc\vs2015-uwp\libgtypes_tests.vcxproj", "{0278CEC5-B0ED-432A-B3A2-4AF3C54FC06D}"
EndProject
Project("{8BC9CEB8-8B4A-11D0-8D11-00A0C91BC942}") = "libhltypes", "..\hltypes\msvc\vs2015-uwp\libhltypes.vcxproj", "{E4D373BF-E227-48B9-99E6-84987E8674EC}"
EndProject
Project("{2150E333-8FDC-42A3-9474-1A3956D46DE8}") = "tests", "tests", "{D71F92BF-867F-434D-85EF-11713D1D4480}"
EndProject
Global
	GlobalSection(SolutionConfigurationPlatforms) = preSolution
		Debug|ARM = Debug|ARM
		Debug|Win32 = Debug|Win32
		Debug|x64 = Debug|x64
		DebugS|ARM = DebugS|ARM
		DebugS|Win32 = DebugS|Win32
		DebugS|x64 = DebugS|x64
		Release|ARM = Release|ARM
		Release|Win32 = Release|Win32
		Release|x64 = Release|x64
		ReleaseS|ARM = ReleaseS|ARM
		ReleaseS|Win32 = ReleaseS|Win32
		ReleaseS|x64 = ReleaseS|x64
	EndGlobalSection
	GlobalSection(ProjectConfigurationPlatforms) = postSolution
		{9C043B29-DB40-48D5-97D8-1BC44128E3BA}.Debug|ARM.ActiveCfg = Debug|Win32
		{9C043B29-DB40-48D5-97D8-1BC44128E3BA}.Debug|Win32.ActiveCfg = Debug|Win32
		{9C043B29-DB40-48D5-97D8-1BC44128E3BA}.Debug|Win32.Build.0 = Debug|Win32
		{9C043B29-DB40-48D5-97D8-1BC44128E3BA}.Debug|x64.ActiveCfg = Debug|x64
		{9C043B29-DB40-48D5-97D8-1BC44128E3BA}.Debug|x64.Build.0 = Debug|x64
		{9C043B29-DB40-48D5-97D8-1BC44128E3BA}.DebugS|ARM.ActiveCfg = DebugS|Win32
		{9C043B29-DB40-48D5-97D8-1BC44128E3BA}.DebugS|Win32.ActiveCfg = DebugS|Win32
		{9C043B29-DB40-48D5-97D8-1BC44128E3BA}.DebugS|Win32.Build.0 = DebugS|Win32
		{9C043B29-DB40-48D5-97D8-1BC44128E3BA}.DebugS|x64.ActiveCfg = DebugS|x64
		{9C043B29-DB40-48D5-97D8-1BC44128E3BA}.DebugS|x64.Build.0 = DebugS|x64
		{9C043B29-DB40-48D5-97D8-1BC44128E3BA}.Release|ARM.ActiveCfg = Release|Win32
		{9C043B29-DB40-48D5-97D8-1BC44128E3BA}.Release|Win32.ActiveCfg = Release|Win32
		{9C043B29-DB40-48D5-97D8-1BC44128E3BA}.Release|Win32.Build.0 = Release|Win32
		{9C043B29-DB40-48D5-97D8-1BC44128E3BA}.Release|x64.ActiveCfg = Release|x64
		{9C043B29-DB40-48D5-97D8-1BC44128E3BA}.Release|x64.Build.0 = Release|x64
		{9C043B29-DB40-48D5-97D8-1BC44128E3BA}.ReleaseS|ARM.ActiveCfg = ReleaseS|Win32
		{9C043B29-DB40-48D5-97D8-1BC44128E3BA}.ReleaseS|Win32.ActiveCfg = ReleaseS|Win32
		{9C043B29-DB40-48D5-97D8-1BC44128E3BA}.ReleaseS|Win32.Build.0 = ReleaseS|Win32
		{9C043B29-DB40-48D5-97D8-1BC44128E3BA}.ReleaseS|x64.ActiveCfg = ReleaseS|x64
		{9C043B29-DB40-48D5-97D8-1BC44128E3BA}.ReleaseS|x64.Build.0 = ReleaseS|x64
		{0278CEC5-B0ED-432A-B3A2-4AF3C54FC06D}.Debug|ARM.ActiveCfg = Debug|ARM
		{0278CEC5-B0ED-432A-B3A2-4AF3C54FC06D}.Debug|ARM.Build.0 = Debug|ARM
		{0278CEC5-B0ED-432A-B3A2-4AF3C54FC06D}.Debug|ARM.Deploy.0 = Debug|ARM
		{0278CEC5-B0ED-432A-B3A2-4AF3C54FC06D}.Debug|Win32.ActiveCfg = Debug|Win32
		{0278CEC5-B0ED-432A-B3A2-4AF3C54FC06D}.Debug|Win32.Build.0 = Debug|Win32
		{0278CEC5-B0ED-432A-B3A2-4AF3C54FC06D}.Debug|Win32.Deploy.0 = Debug|Win32
		{0278CEC5-B0ED-432A-B3A2-4AF3C54FC06D}.Debug|x64.ActiveCfg = Debug|x64
		{0278CEC5-B0ED-432A-B3A2-4AF3C54FC06D}.Debug|x64.Build.0 = Debug|x64
		{0278CEC5-B0ED-432A-B3A2-4AF3C54FC06D}.Debug|x64.Deploy.0 = Debug|x64
		{0278CEC5-B0ED-432A-B3A2-4AF3C54FC06D}.DebugS|ARM.ActiveCfg = DebugS|ARM
		{0278CEC5-B0ED-432A-B3A2-4AF3C54FC06D}.DebugS|ARM.Build.0 = DebugS|ARM
		{0278CEC5-B0ED-432A-B3A2-4AF3C54FC06D}.DebugS|ARM.Deploy.0 = DebugS|ARM
		{0278CEC5-B0ED-432A-B3A2-4AF3C54FC06D}.DebugS|Win32.ActiveCfg = DebugS|Win32
		{0278CEC5-B0ED-432A-B3A2-4AF3C54FC06D}.DebugS|Win32.Build.0 = DebugS|Win32
		{0278CEC5-B0ED-432A-B3A2-4AF3C54FC06D}.DebugS|Win32.Deploy.0 = DebugS|Win32
		{0278CEC5-B0ED-432A-B3A2-4AF3C54FC06D}.DebugS|x64.ActiveCfg = DebugS|x64
		{0278CEC5-B0ED-432A-B3A2-4AF3C54FC06D}.DebugS|x64.Build.0 = DebugS|x64
		{0278CEC5-B0ED-432A-B3A2-4AF3C54FC06D}.DebugS|x64.Deploy.0 = DebugS|x64
		{0278CEC5-B0ED-432A-B3A2-4AF3C54FC06D}.Release|ARM.ActiveCfg = Release|ARM
		{0278CEC5-B0ED-432A-B3A2-4AF3C54FC06D}.Release|ARM.Build.0 = Release|ARM
		{0278CEC5-B0ED-432A-B3A2-4AF3C54FC06D}.Release|ARM.Deploy.0 = Release|ARM
		{0278CEC5-B0ED-432A-B3A2-4AF3C54FC06D}.Release|Win32.ActiveCfg = Release|Win32
		{0278CEC5-B0ED-432A-B3A2-4AF3C54FC06D}.Release|Win32.Build.0 = Release|Win32
		{0278CEC5-B0ED-432A-B3A2-4AF3C54FC06D}.Release|Win32.Deploy.0 = Release|Win32
		{0278CEC5-B0ED-432A-B3A2-4AF3C54FC06D}.Release|x64.ActiveCfg = Release|x64
		{0278CEC5-B0ED-432A-B3A2-4AF3C54FC06D}.Release|x64.Build.0 = Release|x64
		{0278CEC5-B0ED-432A-B3A2-4AF3C54FC06D}.Release|x64.Deploy.0 = Release|x64
		{0278CEC5-B0ED-432A-B3A2-4AF3C54FC06D}.ReleaseS|ARM.ActiveCfg = ReleaseS|ARM
		{0278CEC5-B0ED-432A-B3A2-4AF3C54FC06D}.ReleaseS|ARM.Build.0 = ReleaseS|ARM
		{0278CEC5-B0ED-432A-B3A2-4AF3C54FC06D}.ReleaseS|ARM.Deploy.0 = ReleaseS|ARM
		{0278CEC5-B0ED-432A-B3A2-4AF3C54FC06D}.ReleaseS|Win32.ActiveCfg = ReleaseS|Win32
		{0278CEC5-B0ED-432A-B3A2-4AF3C54FC06D}.ReleaseS|Win32.Build.0 = ReleaseS|Win32
		{0278CEC5-B0ED-432A-B3A2-4AF3C54FC06D}.ReleaseS|Win32.Deploy.0 = ReleaseS|Win32
		{0278CEC5-B0ED-432A-B3A2-4AF3C54FC06D}.ReleaseS|x64.ActiveCfg = ReleaseS|x64
		{0278CEC5-B0ED-432A-B3A2-4AF3C54FC06D}.ReleaseS|x64.Build.0 = ReleaseS|x64
		{0278CEC5-B0ED-432A-B3A2-4AF3C54FC06D}.ReleaseS|x64.Deploy.0 = ReleaseS|x64
		{E4D373BF-E227-48B9-99E6-84987E8674EC}.Debug|ARM.ActiveCfg = Debug|ARM
		{E4D373BF-E227-48B9-99E6-84987E8674EC}.Debug|ARM.Build.0 = Debug|ARM
		{E4D373BF-E227-48B9-99E6-84987E8674EC}.Debug|Win32.ActiveCfg = Debug|Win32
		{E4D373BF-E227-48B9-99E6-84987E8674EC}.Debug|Win32.Build.0 = Debug|Win32
		{E4D373BF-E227-48B9-99E6-84987E8674EC}.Debug|x64.ActiveCfg = Debug|x64
		{E4D373BF-E227-48B9-99E6-84987E8674EC}.Debug|x64.Build.0 = Debug|x64
		{E4D373BF-E227-48B9-99E6-84987E8674EC}.DebugS|ARM.ActiveCfg = DebugS|ARM
		{E4D373BF-E227-48B9-99E6-84987E8674EC}.DebugS|ARM.Build.0 = DebugS|ARM
		{E4D373BF-E227-48B9-99E6-84987E8674EC}.DebugS|Win32.ActiveCfg = DebugS|Win32
		{E4D373BF-E227-48B9-99E6-84987E8674EC}.DebugS|Win32.Build.0 = DebugS|Win32
		{E4D373BF-E227-48B9-99E6-84987E8674EC}.DebugS|x64.ActiveCfg = DebugS|x64
		{E4D373BF-E227-48B9-99E6-84987E8674EC}.DebugS|x64.Build.0 = DebugS|x64
		{E4D373BF-E227-48B9-99E6-84987E8674EC}.Release|ARM.ActiveCfg = Release|ARM
		{E4D373BF-E227-48B9-99E6-84987E8674EC}.Release|ARM.Build.0 = Release|ARM
		{E4D373BF-E227-48B9-99E6-84987E8674EC}.Release|Win32.ActiveCfg = Release|Win32
		{E4D373BF-E227-48B9-99E6-84987E8674EC}.Release|Win32.Build.0 = Release|Win32
		{E4D373BF-E227-48B9-99E6-84987E8674EC}.Release|x64.ActiveCfg = Release|x64
		{E4D373BF-E227-48B9-99E6-84987E8674EC}.Release|x64.Build.0 = Release|x64
		{E4D373BF-E227-48B9-99E6-84987E8674EC}.ReleaseS|ARM.ActiveCfg = ReleaseS|ARM
		{E4D373BF-E227-48B9-99E6-84987E8674EC}.ReleaseS|ARM.Build.0 = ReleaseS|ARM
		{E4D373BF-E227-48B9-99E6-84987E8674EC}.ReleaseS|Win32.ActiveCfg = ReleaseS|Win32
		{E4D373BF-E227-48B9-99E6-84987E8674EC}.ReleaseS|Win32.Build.0 = ReleaseS|Win32
		{E4D373BF-E227-48B9-99E6-84987E8674EC}.ReleaseS|x64.ActiveCfg = ReleaseS|x64
		{E4D373BF-E227-48B9-99E6-84987E8674EC}.ReleaseS|x64.Build.0 = ReleaseS|x64
	EndGlobalSection
	GlobalSection(SolutionProperties) = preSolution
		HideSolutionNode = FALSE
	EndGlobalSection
	GlobalSection(NestedProjects) = preSolution
		{0278CEC5-B0ED-432A-B3A2-4AF3C54FC06D} = {D71F92BF-867F-434D-85EF-11713D1D4480}
	EndGlobalSection
EndGlobal
