
Microsoft Visual Studio Solution File, Format Version 12.00
# Visual Studio Express 2013 for Windows
VisualStudioVersion = 12.0.30501.0
MinimumVisualStudioVersion = 10.0.40219.1
Project("{8BC9CEB8-8B4A-11D0-8D11-00A0C91BC942}") = "libgtypes", "msvc\vs2013-winrt\libgtypes.vcxproj", "{9C043B29-DB40-48D5-97D8-1BC44128E3BA}"
EndProject
Global
	GlobalSection(SolutionConfigurationPlatforms) = preSolution
		Debug|ARM = Debug|ARM
		Debug|Win32 = Debug|Win32
		DebugS|ARM = DebugS|ARM
		DebugS|Win32 = DebugS|Win32
		Release|ARM = Release|ARM
		Release|Win32 = Release|Win32
		ReleaseS|ARM = ReleaseS|ARM
		ReleaseS|Win32 = ReleaseS|Win32
	EndGlobalSection
	GlobalSection(ProjectConfigurationPlatforms) = postSolution
		{9C043B29-DB40-48D5-97D8-1BC44128E3BA}.Debug|ARM.ActiveCfg = Debug|Win32
		{9C043B29-DB40-48D5-97D8-1BC44128E3BA}.Debug|Win32.ActiveCfg = Debug|Win32
		{9C043B29-DB40-48D5-97D8-1BC44128E3BA}.Debug|Win32.Build.0 = Debug|Win32
		{9C043B29-DB40-48D5-97D8-1BC44128E3BA}.DebugS|ARM.ActiveCfg = DebugS|Win32
		{9C043B29-DB40-48D5-97D8-1BC44128E3BA}.DebugS|Win32.ActiveCfg = DebugS|Win32
		{9C043B29-DB40-48D5-97D8-1BC44128E3BA}.DebugS|Win32.Build.0 = DebugS|Win32
		{9C043B29-DB40-48D5-97D8-1BC44128E3BA}.Release|ARM.ActiveCfg = Release|Win32
		{9C043B29-DB40-48D5-97D8-1BC44128E3BA}.Release|Win32.ActiveCfg = Release|Win32
		{9C043B29-DB40-48D5-97D8-1BC44128E3BA}.Release|Win32.Build.0 = Release|Win32
		{9C043B29-DB40-48D5-97D8-1BC44128E3BA}.ReleaseS|ARM.ActiveCfg = ReleaseS|Win32
		{9C043B29-DB40-48D5-97D8-1BC44128E3BA}.ReleaseS|Win32.ActiveCfg = ReleaseS|Win32
		{9C043B29-DB40-48D5-97D8-1BC44128E3BA}.ReleaseS|Win32.Build.0 = ReleaseS|Win32
	EndGlobalSection
	GlobalSection(SolutionProperties) = preSolution
		HideSolutionNode = FALSE
	EndGlobalSection
EndGlobal
