<?xml version="1.0" encoding="utf-8"?>
<Project ToolsVersion="4.0" xmlns="http://schemas.microsoft.com/developer/msbuild/2003">
  <ItemGroup>
    <Filter Include="Source Files">
      <UniqueIdentifier>{4FC737F1-C7A5-4376-A066-2A32D752A2FF}</UniqueIdentifier>
      <Extensions>cpp;c;cc;cxx;def;odl;idl;hpj;bat;asm;asmx</Extensions>
    </Filter>
    <Filter Include="Resource Files">
      <UniqueIdentifier>{67DA6AB6-F800-4c08-8B7A-83BB121AAD01}</UniqueIdentifier>
      <Extensions>rc;ico;cur;bmp;dlg;rc2;rct;bin;rgs;gif;jpg;jpeg;jpe;resx;tiff;tif;png;wav;mfcribbon-ms</Extensions>
    </Filter>
    <Filter Include="generated">
      <UniqueIdentifier>{0afe0d29-e182-44d8-9f6a-844e29f8f17e}</UniqueIdentifier>
    </Filter>
  </ItemGroup>
  <ItemGroup>
    <ClInclude Include="..\..\..\unitTests\generated\aprilUT.h">
      <Filter>generated</Filter>
    </ClInclude>
  </ItemGroup>
  <ItemGroup>
    <ClCompile Include="..\..\..\unitTests\generated\_utVector2.cpp">
      <Filter>generated</Filter>
    </ClCompile>
    <ClCompile Include="..\..\..\unitTests\generated\aprilUT.cpp">
      <Filter>generated</Filter>
    </ClCompile>
    <ClCompile Include="..\..\..\unitTests\utVector2.cpp">
      <Filter>Source Files</Filter>
    </ClCompile>
    <ClCompile Include="..\..\..\unitTests\utVector3.cpp">
      <Filter>Source Files</Filter>
    </ClCompile>
    <ClCompile Include="..\..\..\unitTests\generated\_utVector3.cpp">
      <Filter>generated</Filter>
    </ClCompile>
    <ClCompile Include="..\..\..\unitTests\utRectangle.cpp">
      <Filter>Source Files</Filter>
    </ClCompile>
    <ClCompile Include="..\..\..\unitTests\generated\_utRectangle.cpp">
      <Filter>generated</Filter>
    </ClCompile>
    <ClCompile Include="..\..\..\unitTests\generated\_utMatrix3.cpp">
      <Filter>generated</Filter>
    </ClCompile>
    <ClCompile Include="..\..\..\unitTests\utMatrix3.cpp">
      <Filter>Source Files</Filter>
    </ClCompile>
  </ItemGroup>
</Project>