// !$*UTF8*$!
{
	archiveVersion = 1;
	classes = {
	};
	objectVersion = 46;
	objects = {

/* Begin PBXBuildFile section */
		7F3518721251E4740005B659 /* Rectangle.h in Headers */ = {isa = PBXBuildFile; fileRef = 7F3518701251E4740005B659 /* Rectangle.h */; settings = {ATTRIBUTES = (Public, ); }; };
		7F42F73C11EB135D00B1C1DF /* CatmullRomSpline2.h in Headers */ = {isa = PBXBuildFile; fileRef = 7F42F73311EB135D00B1C1DF /* CatmullRomSpline2.h */; settings = {ATTRIBUTES = (Public, ); }; };
		7F42F73D11EB135D00B1C1DF /* CatmullRomSpline3.h in Headers */ = {isa = PBXBuildFile; fileRef = 7F42F73411EB135D00B1C1DF /* CatmullRomSpline3.h */; settings = {ATTRIBUTES = (Public, ); }; };
		7F42F73E11EB135D00B1C1DF /* gtypesExport.h in Headers */ = {isa = PBXBuildFile; fileRef = 7F42F73511EB135D00B1C1DF /* gtypesExport.h */; settings = {ATTRIBUTES = (Public, ); }; };
		7F42F73F11EB135D00B1C1DF /* Matrix3.h in Headers */ = {isa = PBXBuildFile; fileRef = 7F42F73611EB135D00B1C1DF /* Matrix3.h */; settings = {ATTRIBUTES = (Public, ); }; };
		7F42F74011EB135D00B1C1DF /* Matrix4.h in Headers */ = {isa = PBXBuildFile; fileRef = 7F42F73711EB135D00B1C1DF /* Matrix4.h */; settings = {ATTRIBUTES = (Public, ); }; };
		7F42F74111EB135D00B1C1DF /* Quaternion.h in Headers */ = {isa = PBXBuildFile; fileRef = 7F42F73811EB135D00B1C1DF /* Quaternion.h */; settings = {ATTRIBUTES = (Public, ); }; };
		7F42F74211EB135D00B1C1DF /* Vector2.h in Headers */ = {isa = PBXBuildFile; fileRef = 7F42F73911EB135D00B1C1DF /* Vector2.h */; settings = {ATTRIBUTES = (Public, ); }; };
		7F42F74311EB135D00B1C1DF /* Vector3.h in Headers */ = {isa = PBXBuildFile; fileRef = 7F42F73A11EB135D00B1C1DF /* Vector3.h */; settings = {ATTRIBUTES = (Public, ); }; };
		7F42F74F11EB136E00B1C1DF /* Matrix3.cpp in Sources */ = {isa = PBXBuildFile; fileRef = 7F42F74711EB136E00B1C1DF /* Matrix3.cpp */; };
		7F42F75111EB136E00B1C1DF /* Quaternion.cpp in Sources */ = {isa = PBXBuildFile; fileRef = 7F42F74911EB136E00B1C1DF /* Quaternion.cpp */; };
		C9F9313D14DA87F400954F90 /* gtypesUtil.h in Headers */ = {isa = PBXBuildFile; fileRef = C9F9313C14DA87F400954F90 /* gtypesUtil.h */; settings = {ATTRIBUTES = (Public, ); }; };
		D1522F30140F79E10012F290 /* Matrix3.cpp in Sources */ = {isa = PBXBuildFile; fileRef = 7F42F74711EB136E00B1C1DF /* Matrix3.cpp */; };
		D1522F32140F79E10012F290 /* Quaternion.cpp in Sources */ = {isa = PBXBuildFile; fileRef = 7F42F74911EB136E00B1C1DF /* Quaternion.cpp */; };
		D175DE4420DBF39E00CC44BB /* Matrix3.cpp in Sources */ = {isa = PBXBuildFile; fileRef = D18FC63720DBD3D500F85CE2 /* Matrix3.cpp */; };
		D175DE4520DBF39E00CC44BB /* Matrix4.cpp in Sources */ = {isa = PBXBuildFile; fileRef = D18FC63520DBD3D500F85CE2 /* Matrix4.cpp */; };
		D175DE4620DBF39E00CC44BB /* Rectangle.cpp in Sources */ = {isa = PBXBuildFile; fileRef = D18FC63620DBD3D500F85CE2 /* Rectangle.cpp */; };
		D175DE4720DBF39E00CC44BB /* Vector2.cpp in Sources */ = {isa = PBXBuildFile; fileRef = D18FC63920DBD3D500F85CE2 /* Vector2.cpp */; };
		D175DE4820DBF39E00CC44BB /* Vector3.cpp in Sources */ = {isa = PBXBuildFile; fileRef = D18FC63820DBD3D500F85CE2 /* Vector3.cpp */; };
		D18FC63A20DBD3D500F85CE2 /* Matrix4.cpp in Sources */ = {isa = PBXBuildFile; fileRef = D18FC63520DBD3D500F85CE2 /* Matrix4.cpp */; };
		D18FC63B20DBD3D500F85CE2 /* Rectangle.cpp in Sources */ = {isa = PBXBuildFile; fileRef = D18FC63620DBD3D500F85CE2 /* Rectangle.cpp */; };
		D18FC63C20DBD3D500F85CE2 /* Matrix3.cpp in Sources */ = {isa = PBXBuildFile; fileRef = D18FC63720DBD3D500F85CE2 /* Matrix3.cpp */; };
		D18FC63D20DBD3D500F85CE2 /* Vector3.cpp in Sources */ = {isa = PBXBuildFile; fileRef = D18FC63820DBD3D500F85CE2 /* Vector3.cpp */; };
		D18FC63E20DBD3D500F85CE2 /* Vector2.cpp in Sources */ = {isa = PBXBuildFile; fileRef = D18FC63920DBD3D500F85CE2 /* Vector2.cpp */; };
		D193C09720B4643F0039BDB9 /* constants.h in Headers */ = {isa = PBXBuildFile; fileRef = D193C09620B4643F0039BDB9 /* constants.h */; };
		D1F27A7C177A2CB600E5C131 /* Matrix3.cpp in Sources */ = {isa = PBXBuildFile; fileRef = 7F42F74711EB136E00B1C1DF /* Matrix3.cpp */; };
		D1F27A7E177A2CB600E5C131 /* Quaternion.cpp in Sources */ = {isa = PBXBuildFile; fileRef = 7F42F74911EB136E00B1C1DF /* Quaternion.cpp */; };
/* End PBXBuildFile section */

/* Begin PBXContainerItemProxy section */
		D1353E8D1AD311E500BB5829 /* PBXContainerItemProxy */ = {
			isa = PBXContainerItemProxy;
			containerPortal = 0867D690FE84028FC02AAC07 /* Project object */;
			proxyType = 1;
			remoteGlobalIDString = D1F27A77177A2CB600E5C131;
			remoteInfo = "gtypes (Mac)";
		};
		D175DE3820DBF34300CC44BB /* PBXContainerItemProxy */ = {
			isa = PBXContainerItemProxy;
			containerPortal = 0867D690FE84028FC02AAC07 /* Project object */;
			proxyType = 1;
			remoteGlobalIDString = D1522F1B140F79500012F290;
			remoteInfo = "gtypes (iOS)";
		};
/* End PBXContainerItemProxy section */

/* Begin PBXFileReference section */
		7F3518701251E4740005B659 /* Rectangle.h */ = {isa = PBXFileReference; fileEncoding = 4; lastKnownFileType = sourcecode.c.h; name = Rectangle.h; path = include/gtypes/Rectangle.h; sourceTree = "<group>"; };
		7F42F73311EB135D00B1C1DF /* CatmullRomSpline2.h */ = {isa = PBXFileReference; fileEncoding = 4; lastKnownFileType = sourcecode.c.h; name = CatmullRomSpline2.h; path = include/gtypes/CatmullRomSpline2.h; sourceTree = "<group>"; };
		7F42F73411EB135D00B1C1DF /* CatmullRomSpline3.h */ = {isa = PBXFileReference; fileEncoding = 4; lastKnownFileType = sourcecode.c.h; name = CatmullRomSpline3.h; path = include/gtypes/CatmullRomSpline3.h; sourceTree = "<group>"; };
		7F42F73511EB135D00B1C1DF /* gtypesExport.h */ = {isa = PBXFileReference; fileEncoding = 4; lastKnownFileType = sourcecode.c.h; name = gtypesExport.h; path = include/gtypes/gtypesExport.h; sourceTree = "<group>"; };
		7F42F73611EB135D00B1C1DF /* Matrix3.h */ = {isa = PBXFileReference; fileEncoding = 4; lastKnownFileType = sourcecode.c.h; name = Matrix3.h; path = include/gtypes/Matrix3.h; sourceTree = "<group>"; };
		7F42F73711EB135D00B1C1DF /* Matrix4.h */ = {isa = PBXFileReference; fileEncoding = 4; lastKnownFileType = sourcecode.c.h; name = Matrix4.h; path = include/gtypes/Matrix4.h; sourceTree = "<group>"; };
		7F42F73811EB135D00B1C1DF /* Quaternion.h */ = {isa = PBXFileReference; fileEncoding = 4; lastKnownFileType = sourcecode.c.h; name = Quaternion.h; path = include/gtypes/Quaternion.h; sourceTree = "<group>"; };
		7F42F73911EB135D00B1C1DF /* Vector2.h */ = {isa = PBXFileReference; fileEncoding = 4; lastKnownFileType = sourcecode.c.h; name = Vector2.h; path = include/gtypes/Vector2.h; sourceTree = "<group>"; };
		7F42F73A11EB135D00B1C1DF /* Vector3.h */ = {isa = PBXFileReference; fileEncoding = 4; lastKnownFileType = sourcecode.c.h; name = Vector3.h; path = include/gtypes/Vector3.h; sourceTree = "<group>"; };
		7F42F74711EB136E00B1C1DF /* Matrix3.cpp */ = {isa = PBXFileReference; fileEncoding = 4; lastKnownFileType = sourcecode.cpp.cpp; name = Matrix3.cpp; path = src/Matrix3.cpp; sourceTree = "<group>"; };
		7F42F74911EB136E00B1C1DF /* Quaternion.cpp */ = {isa = PBXFileReference; fileEncoding = 4; lastKnownFileType = sourcecode.cpp.cpp; name = Quaternion.cpp; path = src/Quaternion.cpp; sourceTree = "<group>"; };
		8DC2EF5A0486A6940098B216 /* Info.plist */ = {isa = PBXFileReference; fileEncoding = 4; lastKnownFileType = text.plist.xml; path = Info.plist; sourceTree = "<group>"; };
		8DC2EF5B0486A6940098B216 /* gtypes.framework */ = {isa = PBXFileReference; explicitFileType = wrapper.framework; includeInIndex = 0; path = gtypes.framework; sourceTree = BUILT_PRODUCTS_DIR; };
		C9F9313C14DA87F400954F90 /* gtypesUtil.h */ = {isa = PBXFileReference; fileEncoding = 4; lastKnownFileType = sourcecode.c.h; name = gtypesUtil.h; path = include/gtypes/gtypesUtil.h; sourceTree = "<group>"; };
		D1353E7E1AD311BA00BB5829 /* gtypes.xctest */ = {isa = PBXFileReference; explicitFileType = wrapper.cfbundle; includeInIndex = 0; path = gtypes.xctest; sourceTree = BUILT_PRODUCTS_DIR; };
		D1522F1C140F79500012F290 /* libgtypes.a */ = {isa = PBXFileReference; explicitFileType = archive.ar; includeInIndex = 0; path = libgtypes.a; sourceTree = BUILT_PRODUCTS_DIR; };
		D1681B7518D761D80088FC68 /* iOS.xcconfig */ = {isa = PBXFileReference; lastKnownFileType = text.xcconfig; name = iOS.xcconfig; path = xcconfig/iOS.xcconfig; sourceTree = "<group>"; };
		D1681B7618D761D80088FC68 /* Mac.xcconfig */ = {isa = PBXFileReference; lastKnownFileType = text.xcconfig; name = Mac.xcconfig; path = xcconfig/Mac.xcconfig; sourceTree = "<group>"; };
		D175DE3220DBF34300CC44BB /* gtypesTests_ios.xctest */ = {isa = PBXFileReference; explicitFileType = wrapper.cfbundle; includeInIndex = 0; path = gtypesTests_ios.xctest; sourceTree = BUILT_PRODUCTS_DIR; };
		D18FC63520DBD3D500F85CE2 /* Matrix4.cpp */ = {isa = PBXFileReference; explicitFileType = sourcecode.cpp.objcpp; fileEncoding = 4; name = Matrix4.cpp; path = tests/Matrix4.cpp; sourceTree = "<group>"; };
		D18FC63620DBD3D500F85CE2 /* Rectangle.cpp */ = {isa = PBXFileReference; explicitFileType = sourcecode.cpp.objcpp; fileEncoding = 4; name = Rectangle.cpp; path = tests/Rectangle.cpp; sourceTree = "<group>"; };
		D18FC63720DBD3D500F85CE2 /* Matrix3.cpp */ = {isa = PBXFileReference; explicitFileType = sourcecode.cpp.objcpp; fileEncoding = 4; name = Matrix3.cpp; path = tests/Matrix3.cpp; sourceTree = "<group>"; };
		D18FC63820DBD3D500F85CE2 /* Vector3.cpp */ = {isa = PBXFileReference; explicitFileType = sourcecode.cpp.objcpp; fileEncoding = 4; name = Vector3.cpp; path = tests/Vector3.cpp; sourceTree = "<group>"; };
		D18FC63920DBD3D500F85CE2 /* Vector2.cpp */ = {isa = PBXFileReference; explicitFileType = sourcecode.cpp.objcpp; fileEncoding = 4; name = Vector2.cpp; path = tests/Vector2.cpp; sourceTree = "<group>"; };
		D193C09620B4643F0039BDB9 /* constants.h */ = {isa = PBXFileReference; fileEncoding = 4; lastKnownFileType = sourcecode.c.h; name = constants.h; path = include/gtypes/constants.h; sourceTree = "<group>"; };
		D1F27A89177A2CB600E5C131 /* libgtypes.a */ = {isa = PBXFileReference; explicitFileType = archive.ar; includeInIndex = 0; path = libgtypes.a; sourceTree = BUILT_PRODUCTS_DIR; };
/* End PBXFileReference section */

/* Begin PBXFrameworksBuildPhase section */
		8DC2EF560486A6940098B216 /* Frameworks */ = {
			isa = PBXFrameworksBuildPhase;
			buildActionMask = 2147483647;
			files = (
			);
			runOnlyForDeploymentPostprocessing = 0;
		};
		D1522F19140F79500012F290 /* Frameworks */ = {
			isa = PBXFrameworksBuildPhase;
			buildActionMask = 2147483647;
			files = (
			);
			runOnlyForDeploymentPostprocessing = 0;
		};
		D1F27A81177A2CB600E5C131 /* Frameworks */ = {
			isa = PBXFrameworksBuildPhase;
			buildActionMask = 2147483647;
			files = (
			);
			runOnlyForDeploymentPostprocessing = 0;
		};
/* End PBXFrameworksBuildPhase section */

/* Begin PBXGroup section */
		034768DFFF38A50411DB9C8B /* Products */ = {
			isa = PBXGroup;
			children = (
				8DC2EF5B0486A6940098B216 /* gtypes.framework */,
				D1522F1C140F79500012F290 /* libgtypes.a */,
				D1F27A89177A2CB600E5C131 /* libgtypes.a */,
				D1353E7E1AD311BA00BB5829 /* gtypes.xctest */,
				D175DE3220DBF34300CC44BB /* gtypesTests_ios.xctest */,
			);
			name = Products;
			sourceTree = "<group>";
		};
		0867D691FE84028FC02AAC07 /* libgtypes */ = {
			isa = PBXGroup;
			children = (
				D1681B7718D7626C0088FC68 /* config */,
				7F42F6E811EB0E0600B1C1DF /* include */,
				7F42F6E711EB0E0200B1C1DF /* src */,
				D1353E761AD3116800BB5829 /* tests */,
				034768DFFF38A50411DB9C8B /* Products */,
			);
			name = libgtypes;
			sourceTree = "<group>";
		};
		7F42F6E711EB0E0200B1C1DF /* src */ = {
			isa = PBXGroup;
			children = (
				7F42F74711EB136E00B1C1DF /* Matrix3.cpp */,
				7F42F74911EB136E00B1C1DF /* Quaternion.cpp */,
			);
			name = src;
			sourceTree = "<group>";
		};
		7F42F6E811EB0E0600B1C1DF /* include */ = {
			isa = PBXGroup;
			children = (
				D193C09620B4643F0039BDB9 /* constants.h */,
				7F3518701251E4740005B659 /* Rectangle.h */,
				7F42F73311EB135D00B1C1DF /* CatmullRomSpline2.h */,
				7F42F73411EB135D00B1C1DF /* CatmullRomSpline3.h */,
				7F42F73511EB135D00B1C1DF /* gtypesExport.h */,
				7F42F73611EB135D00B1C1DF /* Matrix3.h */,
				7F42F73711EB135D00B1C1DF /* Matrix4.h */,
				7F42F73811EB135D00B1C1DF /* Quaternion.h */,
				7F42F73911EB135D00B1C1DF /* Vector2.h */,
				7F42F73A11EB135D00B1C1DF /* Vector3.h */,
				C9F9313C14DA87F400954F90 /* gtypesUtil.h */,
			);
			name = include;
			sourceTree = "<group>";
		};
		D1353E761AD3116800BB5829 /* tests */ = {
			isa = PBXGroup;
			children = (
				D18FC63720DBD3D500F85CE2 /* Matrix3.cpp */,
				D18FC63520DBD3D500F85CE2 /* Matrix4.cpp */,
				D18FC63620DBD3D500F85CE2 /* Rectangle.cpp */,
				D18FC63920DBD3D500F85CE2 /* Vector2.cpp */,
				D18FC63820DBD3D500F85CE2 /* Vector3.cpp */,
			);
			name = tests;
			sourceTree = "<group>";
		};
		D1681B7718D7626C0088FC68 /* config */ = {
			isa = PBXGroup;
			children = (
				8DC2EF5A0486A6940098B216 /* Info.plist */,
				D1681B7518D761D80088FC68 /* iOS.xcconfig */,
				D1681B7618D761D80088FC68 /* Mac.xcconfig */,
			);
			name = config;
			sourceTree = "<group>";
		};
/* End PBXGroup section */

/* Begin PBXHeadersBuildPhase section */
		8DC2EF500486A6940098B216 /* Headers */ = {
			isa = PBXHeadersBuildPhase;
			buildActionMask = 2147483647;
			files = (
				7F42F73C11EB135D00B1C1DF /* CatmullRomSpline2.h in Headers */,
				D193C09720B4643F0039BDB9 /* constants.h in Headers */,
				7F42F73D11EB135D00B1C1DF /* CatmullRomSpline3.h in Headers */,
				7F42F73E11EB135D00B1C1DF /* gtypesExport.h in Headers */,
				7F42F73F11EB135D00B1C1DF /* Matrix3.h in Headers */,
				7F42F74011EB135D00B1C1DF /* Matrix4.h in Headers */,
				7F42F74111EB135D00B1C1DF /* Quaternion.h in Headers */,
				7F42F74211EB135D00B1C1DF /* Vector2.h in Headers */,
				7F42F74311EB135D00B1C1DF /* Vector3.h in Headers */,
				7F3518721251E4740005B659 /* Rectangle.h in Headers */,
				C9F9313D14DA87F400954F90 /* gtypesUtil.h in Headers */,
			);
			runOnlyForDeploymentPostprocessing = 0;
		};
		D1522F1A140F79500012F290 /* Headers */ = {
			isa = PBXHeadersBuildPhase;
			buildActionMask = 2147483647;
			files = (
			);
			runOnlyForDeploymentPostprocessing = 0;
		};
		D1F27A82177A2CB600E5C131 /* Headers */ = {
			isa = PBXHeadersBuildPhase;
			buildActionMask = 2147483647;
			files = (
			);
			runOnlyForDeploymentPostprocessing = 0;
		};
/* End PBXHeadersBuildPhase section */

/* Begin PBXNativeTarget section */
		8DC2EF4F0486A6940098B216 /* gtypes */ = {
			isa = PBXNativeTarget;
			buildConfigurationList = 1DEB91AD08733DA50010E9CD /* Build configuration list for PBXNativeTarget "gtypes" */;
			buildPhases = (
				8DC2EF500486A6940098B216 /* Headers */,
				8DC2EF540486A6940098B216 /* Sources */,
				8DC2EF560486A6940098B216 /* Frameworks */,
			);
			buildRules = (
			);
			dependencies = (
			);
			name = gtypes;
			productInstallPath = "$(HOME)/Library/Frameworks";
			productName = libgtypes;
			productReference = 8DC2EF5B0486A6940098B216 /* gtypes.framework */;
			productType = "com.apple.product-type.framework";
		};
		D1353E7D1AD311BA00BB5829 /* gtypesTests (Mac) */ = {
			isa = PBXNativeTarget;
			buildConfigurationList = D1353E871AD311BA00BB5829 /* Build configuration list for PBXNativeTarget "gtypesTests (Mac)" */;
			buildPhases = (
				D1353E7A1AD311BA00BB5829 /* Sources */,
			);
			buildRules = (
			);
			dependencies = (
				D1353E8E1AD311E500BB5829 /* PBXTargetDependency */,
			);
			name = "gtypesTests (Mac)";
			productName = "gtypesTests (Mac)";
			productReference = D1353E7E1AD311BA00BB5829 /* gtypes.xctest */;
			productType = "com.apple.product-type.bundle.unit-test";
		};
		D1522F1B140F79500012F290 /* gtypes (iOS) */ = {
			isa = PBXNativeTarget;
			buildConfigurationList = D1522F2B140F79500012F290 /* Build configuration list for PBXNativeTarget "gtypes (iOS)" */;
			buildPhases = (
				D1522F18140F79500012F290 /* Sources */,
				D1522F19140F79500012F290 /* Frameworks */,
				D1522F1A140F79500012F290 /* Headers */,
			);
			buildRules = (
			);
			dependencies = (
			);
			name = "gtypes (iOS)";
			productName = "libgtypes-ios";
			productReference = D1522F1C140F79500012F290 /* libgtypes.a */;
			productType = "com.apple.product-type.library.static";
		};
		D175DE3120DBF34300CC44BB /* gtypesTests (iOS) */ = {
			isa = PBXNativeTarget;
			buildConfigurationList = D175DE3D20DBF34300CC44BB /* Build configuration list for PBXNativeTarget "gtypesTests (iOS)" */;
			buildPhases = (
				D175DE2E20DBF34300CC44BB /* Sources */,
			);
			buildRules = (
			);
			dependencies = (
				D175DE3920DBF34300CC44BB /* PBXTargetDependency */,
			);
			name = "gtypesTests (iOS)";
			productName = "gtypesTests (iOS)";
			productReference = D175DE3220DBF34300CC44BB /* gtypesTests_ios.xctest */;
			productType = "com.apple.product-type.bundle.unit-test";
		};
		D1F27A77177A2CB600E5C131 /* gtypes (Mac) */ = {
			isa = PBXNativeTarget;
			buildConfigurationList = D1F27A83177A2CB600E5C131 /* Build configuration list for PBXNativeTarget "gtypes (Mac)" */;
			buildPhases = (
				D1F27A78177A2CB600E5C131 /* Sources */,
				D1F27A81177A2CB600E5C131 /* Frameworks */,
				D1F27A82177A2CB600E5C131 /* Headers */,
			);
			buildRules = (
			);
			dependencies = (
			);
			name = "gtypes (Mac)";
			productName = "libgtypes-ios";
			productReference = D1F27A89177A2CB600E5C131 /* libgtypes.a */;
			productType = "com.apple.product-type.library.static";
		};
/* End PBXNativeTarget section */

/* Begin PBXProject section */
		0867D690FE84028FC02AAC07 /* Project object */ = {
			isa = PBXProject;
			attributes = {
				LastUpgradeCheck = 0940;
				TargetAttributes = {
					D1353E7D1AD311BA00BB5829 = {
						CreatedOnToolsVersion = 6.2;
					};
					D175DE3120DBF34300CC44BB = {
						CreatedOnToolsVersion = 9.4.1;
						ProvisioningStyle = Automatic;
					};
				};
			};
			buildConfigurationList = 1DEB91B108733DA50010E9CD /* Build configuration list for PBXProject "gtypes" */;
			compatibilityVersion = "Xcode 3.2";
			developmentRegion = English;
			hasScannedForEncodings = 1;
			knownRegions = (
				English,
				Japanese,
				French,
				German,
			);
			mainGroup = 0867D691FE84028FC02AAC07 /* libgtypes */;
			productRefGroup = 034768DFFF38A50411DB9C8B /* Products */;
			projectDirPath = "";
			projectRoot = "";
			targets = (
				8DC2EF4F0486A6940098B216 /* gtypes */,
				D1F27A77177A2CB600E5C131 /* gtypes (Mac) */,
				D1522F1B140F79500012F290 /* gtypes (iOS) */,
				D1353E7D1AD311BA00BB5829 /* gtypesTests (Mac) */,
				D175DE3120DBF34300CC44BB /* gtypesTests (iOS) */,
			);
		};
/* End PBXProject section */

/* Begin PBXSourcesBuildPhase section */
		8DC2EF540486A6940098B216 /* Sources */ = {
			isa = PBXSourcesBuildPhase;
			buildActionMask = 2147483647;
			files = (
				7F42F74F11EB136E00B1C1DF /* Matrix3.cpp in Sources */,
				7F42F75111EB136E00B1C1DF /* Quaternion.cpp in Sources */,
			);
			runOnlyForDeploymentPostprocessing = 0;
		};
		D1353E7A1AD311BA00BB5829 /* Sources */ = {
			isa = PBXSourcesBuildPhase;
			buildActionMask = 2147483647;
			files = (
				D18FC63C20DBD3D500F85CE2 /* Matrix3.cpp in Sources */,
				D18FC63A20DBD3D500F85CE2 /* Matrix4.cpp in Sources */,
				D18FC63E20DBD3D500F85CE2 /* Vector2.cpp in Sources */,
				D18FC63D20DBD3D500F85CE2 /* Vector3.cpp in Sources */,
				D18FC63B20DBD3D500F85CE2 /* Rectangle.cpp in Sources */,
			);
			runOnlyForDeploymentPostprocessing = 0;
		};
		D1522F18140F79500012F290 /* Sources */ = {
			isa = PBXSourcesBuildPhase;
			buildActionMask = 2147483647;
			files = (
				D1522F30140F79E10012F290 /* Matrix3.cpp in Sources */,
				D1522F32140F79E10012F290 /* Quaternion.cpp in Sources */,
			);
			runOnlyForDeploymentPostprocessing = 0;
		};
		D175DE2E20DBF34300CC44BB /* Sources */ = {
			isa = PBXSourcesBuildPhase;
			buildActionMask = 2147483647;
			files = (
				D175DE4820DBF39E00CC44BB /* Vector3.cpp in Sources */,
				D175DE4620DBF39E00CC44BB /* Rectangle.cpp in Sources */,
				D175DE4420DBF39E00CC44BB /* Matrix3.cpp in Sources */,
				D175DE4520DBF39E00CC44BB /* Matrix4.cpp in Sources */,
				D175DE4720DBF39E00CC44BB /* Vector2.cpp in Sources */,
			);
			runOnlyForDeploymentPostprocessing = 0;
		};
		D1F27A78177A2CB600E5C131 /* Sources */ = {
			isa = PBXSourcesBuildPhase;
			buildActionMask = 2147483647;
			files = (
				D1F27A7C177A2CB600E5C131 /* Matrix3.cpp in Sources */,
				D1F27A7E177A2CB600E5C131 /* Quaternion.cpp in Sources */,
			);
			runOnlyForDeploymentPostprocessing = 0;
		};
/* End PBXSourcesBuildPhase section */

/* Begin PBXTargetDependency section */
		D1353E8E1AD311E500BB5829 /* PBXTargetDependency */ = {
			isa = PBXTargetDependency;
			target = D1F27A77177A2CB600E5C131 /* gtypes (Mac) */;
			targetProxy = D1353E8D1AD311E500BB5829 /* PBXContainerItemProxy */;
		};
		D175DE3920DBF34300CC44BB /* PBXTargetDependency */ = {
			isa = PBXTargetDependency;
			target = D1522F1B140F79500012F290 /* gtypes (iOS) */;
			targetProxy = D175DE3820DBF34300CC44BB /* PBXContainerItemProxy */;
		};
/* End PBXTargetDependency section */

/* Begin XCBuildConfiguration section */
		7F7A5614129D436D00E0ED12 /* App Store */ = {
			isa = XCBuildConfiguration;
			buildSettings = {
				CLANG_WARN_BOOL_CONVERSION = YES;
				CLANG_WARN_CONSTANT_CONVERSION = YES;
				CLANG_WARN_EMPTY_BODY = YES;
				CLANG_WARN_ENUM_CONVERSION = YES;
				CLANG_WARN_INFINITE_RECURSION = YES;
				CLANG_WARN_INT_CONVERSION = YES;
				CLANG_WARN_SUSPICIOUS_MOVE = YES;
				CLANG_WARN_UNREACHABLE_CODE = YES;
				CLANG_WARN__DUPLICATE_METHOD_MATCH = YES;
				ENABLE_STRICT_OBJC_MSGSEND = YES;
				GCC_NO_COMMON_BLOCKS = YES;
				GCC_WARN_64_TO_32_BIT_CONVERSION = YES;
				GCC_WARN_ABOUT_RETURN_TYPE = YES;
				GCC_WARN_UNDECLARED_SELECTOR = YES;
				GCC_WARN_UNINITIALIZED_AUTOS = YES;
				GCC_WARN_UNUSED_FUNCTION = YES;
				GCC_WARN_UNUSED_VARIABLE = YES;
				PRODUCT_NAME = gtypes;
			};
			name = "App Store";
		};
		7F7A5615129D436D00E0ED12 /* App Store */ = {
			isa = XCBuildConfiguration;
			baseConfigurationReference = D1681B7618D761D80088FC68 /* Mac.xcconfig */;
			buildSettings = {
				ALWAYS_SEARCH_USER_PATHS = NO;
				INFOPLIST_FILE = Info.plist;
				LD_DYLIB_INSTALL_NAME = "@executable_path/../Frameworks/$(EXECUTABLE_PATH)";
				PRODUCT_BUNDLE_IDENTIFIER = "com.googlecode.${PRODUCT_NAME:rfc1034Identifier}";
				PRODUCT_NAME = gtypes;
				SKIP_INSTALL = YES;
				WRAPPER_EXTENSION = framework;
			};
			name = "App Store";
		};
		C9160585132AE60400914FFC /* Debug */ = {
			isa = XCBuildConfiguration;
			buildSettings = {
				CLANG_WARN_BOOL_CONVERSION = YES;
				CLANG_WARN_CONSTANT_CONVERSION = YES;
				CLANG_WARN_EMPTY_BODY = YES;
				CLANG_WARN_ENUM_CONVERSION = YES;
				CLANG_WARN_INFINITE_RECURSION = YES;
				CLANG_WARN_INT_CONVERSION = YES;
				CLANG_WARN_SUSPICIOUS_MOVE = YES;
				CLANG_WARN_UNREACHABLE_CODE = YES;
				CLANG_WARN__DUPLICATE_METHOD_MATCH = YES;
				ENABLE_STRICT_OBJC_MSGSEND = YES;
				GCC_NO_COMMON_BLOCKS = YES;
				GCC_OPTIMIZATION_LEVEL = 0;
				GCC_WARN_64_TO_32_BIT_CONVERSION = YES;
				GCC_WARN_ABOUT_RETURN_TYPE = YES;
				GCC_WARN_UNDECLARED_SELECTOR = YES;
				GCC_WARN_UNINITIALIZED_AUTOS = YES;
				GCC_WARN_UNUSED_FUNCTION = YES;
				GCC_WARN_UNUSED_VARIABLE = YES;
				ONLY_ACTIVE_ARCH = YES;
				PRODUCT_NAME = gtypes;
			};
			name = Debug;
		};
		C9160586132AE60400914FFC /* Debug */ = {
			isa = XCBuildConfiguration;
			baseConfigurationReference = D1681B7618D761D80088FC68 /* Mac.xcconfig */;
			buildSettings = {
				ALWAYS_SEARCH_USER_PATHS = NO;
				COPY_PHASE_STRIP = NO;
				INFOPLIST_FILE = Info.plist;
				LD_DYLIB_INSTALL_NAME = "@executable_path/../Frameworks/$(EXECUTABLE_PATH)";
				PRODUCT_BUNDLE_IDENTIFIER = "com.googlecode.${PRODUCT_NAME:rfc1034Identifier}";
				PRODUCT_NAME = gtypes;
				SKIP_INSTALL = YES;
				WRAPPER_EXTENSION = framework;
			};
			name = Debug;
		};
		C9160587132AE61000914FFC /* Release */ = {
			isa = XCBuildConfiguration;
			buildSettings = {
				CLANG_WARN_BOOL_CONVERSION = YES;
				CLANG_WARN_CONSTANT_CONVERSION = YES;
				CLANG_WARN_EMPTY_BODY = YES;
				CLANG_WARN_ENUM_CONVERSION = YES;
				CLANG_WARN_INFINITE_RECURSION = YES;
				CLANG_WARN_INT_CONVERSION = YES;
				CLANG_WARN_SUSPICIOUS_MOVE = YES;
				CLANG_WARN_UNREACHABLE_CODE = YES;
				CLANG_WARN__DUPLICATE_METHOD_MATCH = YES;
				ENABLE_STRICT_OBJC_MSGSEND = YES;
				GCC_NO_COMMON_BLOCKS = YES;
				GCC_WARN_64_TO_32_BIT_CONVERSION = YES;
				GCC_WARN_ABOUT_RETURN_TYPE = YES;
				GCC_WARN_UNDECLARED_SELECTOR = YES;
				GCC_WARN_UNINITIALIZED_AUTOS = YES;
				GCC_WARN_UNUSED_FUNCTION = YES;
				GCC_WARN_UNUSED_VARIABLE = YES;
				PRODUCT_NAME = gtypes;
			};
			name = Release;
		};
		C9160588132AE61000914FFC /* Release */ = {
			isa = XCBuildConfiguration;
			baseConfigurationReference = D1681B7618D761D80088FC68 /* Mac.xcconfig */;
			buildSettings = {
				ALWAYS_SEARCH_USER_PATHS = NO;
				INFOPLIST_FILE = Info.plist;
				LD_DYLIB_INSTALL_NAME = "@executable_path/../Frameworks/$(EXECUTABLE_PATH)";
				PRODUCT_BUNDLE_IDENTIFIER = "com.googlecode.${PRODUCT_NAME:rfc1034Identifier}";
				PRODUCT_NAME = gtypes;
				SKIP_INSTALL = YES;
				WRAPPER_EXTENSION = framework;
			};
			name = Release;
		};
		D1353E881AD311BA00BB5829 /* Debug */ = {
			isa = XCBuildConfiguration;
			baseConfigurationReference = D1681B7618D761D80088FC68 /* Mac.xcconfig */;
			buildSettings = {
				HEADER_SEARCH_PATHS = (
					"${SRCROOT}/../hltypes/htest",
					"${SRCROOT}/../hltypes/include",
					"$(inherited)",
				);
				OTHER_LDFLAGS = (
					"-ObjC",
					"-lhltypes",
					"-lgtypes",
					"-framework",
					CoreServices,
				);
			};
			name = Debug;
		};
		D1353E891AD311BA00BB5829 /* Release */ = {
			isa = XCBuildConfiguration;
			baseConfigurationReference = D1681B7618D761D80088FC68 /* Mac.xcconfig */;
			buildSettings = {
				HEADER_SEARCH_PATHS = (
					"${SRCROOT}/../hltypes/htest",
					"${SRCROOT}/../hltypes/include",
					"$(inherited)",
				);
				OTHER_LDFLAGS = (
					"-ObjC",
					"-lhltypes",
					"-lgtypes",
					"-framework",
					CoreServices,
				);
			};
			name = Release;
		};
		D1353E8A1AD311BA00BB5829 /* App Store */ = {
			isa = XCBuildConfiguration;
			baseConfigurationReference = D1681B7618D761D80088FC68 /* Mac.xcconfig */;
			buildSettings = {
				HEADER_SEARCH_PATHS = (
					"${SRCROOT}/../hltypes/htest",
					"${SRCROOT}/../hltypes/include",
					"$(inherited)",
				);
				OTHER_LDFLAGS = (
					"-ObjC",
					"-lhltypes",
					"-lgtypes",
					"-framework",
					CoreServices,
				);
			};
			name = "App Store";
		};
		D1522F27140F79500012F290 /* Debug */ = {
			isa = XCBuildConfiguration;
			baseConfigurationReference = D1681B7518D761D80088FC68 /* iOS.xcconfig */;
			buildSettings = {
				COPY_PHASE_STRIP = NO;
				FRAMEWORK_SEARCH_PATHS = (
					"$(inherited)",
					"\"$(DEVELOPER_FRAMEWORKS_DIR)\"",
				);
				GCC_WARN_ABOUT_MISSING_PROTOTYPES = YES;
				PRODUCT_NAME = gtypes;
				SKIP_INSTALL = YES;
			};
			name = Debug;
		};
		D1522F29140F79500012F290 /* Release */ = {
			isa = XCBuildConfiguration;
			baseConfigurationReference = D1681B7518D761D80088FC68 /* iOS.xcconfig */;
			buildSettings = {
				COPY_PHASE_STRIP = YES;
				FRAMEWORK_SEARCH_PATHS = (
					"$(inherited)",
					"\"$(DEVELOPER_FRAMEWORKS_DIR)\"",
				);
				GCC_WARN_ABOUT_MISSING_PROTOTYPES = YES;
				PRODUCT_NAME = gtypes;
				SKIP_INSTALL = YES;
			};
			name = Release;
		};
		D1522F2A140F79500012F290 /* App Store */ = {
			isa = XCBuildConfiguration;
			baseConfigurationReference = D1681B7518D761D80088FC68 /* iOS.xcconfig */;
			buildSettings = {
				COPY_PHASE_STRIP = YES;
				FRAMEWORK_SEARCH_PATHS = (
					"$(inherited)",
					"\"$(DEVELOPER_FRAMEWORKS_DIR)\"",
				);
				GCC_WARN_ABOUT_MISSING_PROTOTYPES = YES;
				PRODUCT_NAME = gtypes;
				SKIP_INSTALL = YES;
			};
			name = "App Store";
		};
		D175DE3A20DBF34300CC44BB /* Debug */ = {
			isa = XCBuildConfiguration;
			baseConfigurationReference = D1681B7518D761D80088FC68 /* iOS.xcconfig */;
			buildSettings = {
				ALWAYS_SEARCH_USER_PATHS = NO;
				CLANG_ANALYZER_NONNULL = YES;
				CLANG_ANALYZER_NUMBER_OBJECT_CONVERSION = YES_AGGRESSIVE;
				CLANG_ENABLE_MODULES = YES;
				CLANG_ENABLE_OBJC_ARC = YES;
				CLANG_ENABLE_OBJC_WEAK = YES;
				CLANG_WARN_BLOCK_CAPTURE_AUTORELEASING = YES;
				CLANG_WARN_COMMA = YES;
				CLANG_WARN_DEPRECATED_OBJC_IMPLEMENTATIONS = YES;
				CLANG_WARN_DIRECT_OBJC_ISA_USAGE = YES_ERROR;
				CLANG_WARN_DOCUMENTATION_COMMENTS = YES;
				CLANG_WARN_NON_LITERAL_NULL_CONVERSION = YES;
				CLANG_WARN_OBJC_IMPLICIT_RETAIN_SELF = YES;
				CLANG_WARN_OBJC_LITERAL_CONVERSION = YES;
				CLANG_WARN_OBJC_ROOT_CLASS = YES_ERROR;
				CLANG_WARN_RANGE_LOOP_ANALYSIS = YES;
				CLANG_WARN_STRICT_PROTOTYPES = YES;
				CLANG_WARN_UNGUARDED_AVAILABILITY = YES_AGGRESSIVE;
				CODE_SIGN_IDENTITY = "iPhone Developer";
				CODE_SIGN_STYLE = Automatic;
				COPY_PHASE_STRIP = NO;
				DEBUG_INFORMATION_FORMAT = dwarf;
				ENABLE_TESTABILITY = YES;
				GCC_DYNAMIC_NO_PIC = NO;
				GCC_WARN_ABOUT_RETURN_TYPE = YES_ERROR;
				GCC_WARN_UNINITIALIZED_AUTOS = YES_AGGRESSIVE;
				HEADER_SEARCH_PATHS = (
					"${SRCROOT}/../hltypes/htest",
					"${SRCROOT}/../hltypes/include",
					"$(inherited)",
				);
				LD_RUNPATH_SEARCH_PATHS = "$(inherited) @executable_path/Frameworks @loader_path/Frameworks";
				MTL_ENABLE_DEBUG_INFO = YES;
				OTHER_LDFLAGS = (
					"-ObjC",
					"-lhltypes",
					"-lgtypes",
				);
				PRODUCT_BUNDLE_IDENTIFIER = com.cateia.gtypesTests;
				PRODUCT_NAME = gtypesTests_ios;
				TARGETED_DEVICE_FAMILY = "1,2";
			};
			name = Debug;
		};
		D175DE3B20DBF34300CC44BB /* Release */ = {
			isa = XCBuildConfiguration;
			baseConfigurationReference = D1681B7518D761D80088FC68 /* iOS.xcconfig */;
			buildSettings = {
				ALWAYS_SEARCH_USER_PATHS = NO;
				CLANG_ANALYZER_NONNULL = YES;
				CLANG_ANALYZER_NUMBER_OBJECT_CONVERSION = YES_AGGRESSIVE;
				CLANG_ENABLE_MODULES = YES;
				CLANG_ENABLE_OBJC_ARC = YES;
				CLANG_ENABLE_OBJC_WEAK = YES;
				CLANG_WARN_BLOCK_CAPTURE_AUTORELEASING = YES;
				CLANG_WARN_COMMA = YES;
				CLANG_WARN_DEPRECATED_OBJC_IMPLEMENTATIONS = YES;
				CLANG_WARN_DIRECT_OBJC_ISA_USAGE = YES_ERROR;
				CLANG_WARN_DOCUMENTATION_COMMENTS = YES;
				CLANG_WARN_NON_LITERAL_NULL_CONVERSION = YES;
				CLANG_WARN_OBJC_IMPLICIT_RETAIN_SELF = YES;
				CLANG_WARN_OBJC_LITERAL_CONVERSION = YES;
				CLANG_WARN_OBJC_ROOT_CLASS = YES_ERROR;
				CLANG_WARN_RANGE_LOOP_ANALYSIS = YES;
				CLANG_WARN_STRICT_PROTOTYPES = YES;
				CLANG_WARN_UNGUARDED_AVAILABILITY = YES_AGGRESSIVE;
				CODE_SIGN_IDENTITY = "iPhone Developer";
				CODE_SIGN_STYLE = Automatic;
				COPY_PHASE_STRIP = NO;
				DEBUG_INFORMATION_FORMAT = "dwarf-with-dsym";
				ENABLE_NS_ASSERTIONS = NO;
				GCC_WARN_ABOUT_RETURN_TYPE = YES_ERROR;
				GCC_WARN_UNINITIALIZED_AUTOS = YES_AGGRESSIVE;
				HEADER_SEARCH_PATHS = (
					"${SRCROOT}/../hltypes/htest",
					"${SRCROOT}/../hltypes/include",
					"$(inherited)",
				);
				LD_RUNPATH_SEARCH_PATHS = "$(inherited) @executable_path/Frameworks @loader_path/Frameworks";
				MTL_ENABLE_DEBUG_INFO = NO;
				OTHER_LDFLAGS = (
					"-ObjC",
					"-lhltypes",
					"-lgtypes",
				);
				PRODUCT_BUNDLE_IDENTIFIER = com.cateia.gtypesTests;
				PRODUCT_NAME = gtypesTests_ios;
				TARGETED_DEVICE_FAMILY = "1,2";
				VALIDATE_PRODUCT = YES;
			};
			name = Release;
		};
		D175DE3C20DBF34300CC44BB /* App Store */ = {
			isa = XCBuildConfiguration;
			baseConfigurationReference = D1681B7518D761D80088FC68 /* iOS.xcconfig */;
			buildSettings = {
				ALWAYS_SEARCH_USER_PATHS = NO;
				CLANG_ANALYZER_NONNULL = YES;
				CLANG_ANALYZER_NUMBER_OBJECT_CONVERSION = YES_AGGRESSIVE;
				CLANG_ENABLE_MODULES = YES;
				CLANG_ENABLE_OBJC_ARC = YES;
				CLANG_ENABLE_OBJC_WEAK = YES;
				CLANG_WARN_BLOCK_CAPTURE_AUTORELEASING = YES;
				CLANG_WARN_COMMA = YES;
				CLANG_WARN_DEPRECATED_OBJC_IMPLEMENTATIONS = YES;
				CLANG_WARN_DIRECT_OBJC_ISA_USAGE = YES_ERROR;
				CLANG_WARN_DOCUMENTATION_COMMENTS = YES;
				CLANG_WARN_NON_LITERAL_NULL_CONVERSION = YES;
				CLANG_WARN_OBJC_IMPLICIT_RETAIN_SELF = YES;
				CLANG_WARN_OBJC_LITERAL_CONVERSION = YES;
				CLANG_WARN_OBJC_ROOT_CLASS = YES_ERROR;
				CLANG_WARN_RANGE_LOOP_ANALYSIS = YES;
				CLANG_WARN_STRICT_PROTOTYPES = YES;
				CLANG_WARN_UNGUARDED_AVAILABILITY = YES_AGGRESSIVE;
				CODE_SIGN_IDENTITY = "iPhone Developer";
				CODE_SIGN_STYLE = Automatic;
				COPY_PHASE_STRIP = NO;
				DEBUG_INFORMATION_FORMAT = "dwarf-with-dsym";
				ENABLE_NS_ASSERTIONS = NO;
				GCC_WARN_ABOUT_RETURN_TYPE = YES_ERROR;
				GCC_WARN_UNINITIALIZED_AUTOS = YES_AGGRESSIVE;
				HEADER_SEARCH_PATHS = (
					"${SRCROOT}/../hltypes/htest",
					"${SRCROOT}/../hltypes/include",
					"$(inherited)",
				);
				LD_RUNPATH_SEARCH_PATHS = "$(inherited) @executable_path/Frameworks @loader_path/Frameworks";
				MTL_ENABLE_DEBUG_INFO = NO;
				OTHER_LDFLAGS = (
					"-ObjC",
					"-lhltypes",
					"-lgtypes",
				);
				PRODUCT_BUNDLE_IDENTIFIER = com.cateia.gtypesTests;
				PRODUCT_NAME = gtypesTests_ios;
				TARGETED_DEVICE_FAMILY = "1,2";
				VALIDATE_PRODUCT = YES;
			};
			name = "App Store";
		};
		D1F27A85177A2CB600E5C131 /* Debug */ = {
			isa = XCBuildConfiguration;
			baseConfigurationReference = D1681B7618D761D80088FC68 /* Mac.xcconfig */;
			buildSettings = {
				COPY_PHASE_STRIP = NO;
				GCC_PRECOMPILE_PREFIX_HEADER = YES;
				GCC_PREFIX_HEADER = "";
				GCC_WARN_ABOUT_MISSING_PROTOTYPES = YES;
				PRODUCT_NAME = gtypes;
				SKIP_INSTALL = YES;
			};
			name = Debug;
		};
		D1F27A87177A2CB600E5C131 /* Release */ = {
			isa = XCBuildConfiguration;
			baseConfigurationReference = D1681B7618D761D80088FC68 /* Mac.xcconfig */;
			buildSettings = {
				COPY_PHASE_STRIP = YES;
				GCC_PRECOMPILE_PREFIX_HEADER = YES;
				GCC_PREFIX_HEADER = "";
				GCC_WARN_ABOUT_MISSING_PROTOTYPES = YES;
				PRODUCT_NAME = gtypes;
				SKIP_INSTALL = YES;
			};
			name = Release;
		};
		D1F27A88177A2CB600E5C131 /* App Store */ = {
			isa = XCBuildConfiguration;
			baseConfigurationReference = D1681B7618D761D80088FC68 /* Mac.xcconfig */;
			buildSettings = {
				COPY_PHASE_STRIP = YES;
				GCC_PRECOMPILE_PREFIX_HEADER = YES;
				GCC_PREFIX_HEADER = "";
				GCC_WARN_ABOUT_MISSING_PROTOTYPES = YES;
				PRODUCT_NAME = gtypes;
				SKIP_INSTALL = YES;
			};
			name = "App Store";
		};
/* End XCBuildConfiguration section */

/* Begin XCConfigurationList section */
		1DEB91AD08733DA50010E9CD /* Build configuration list for PBXNativeTarget "gtypes" */ = {
			isa = XCConfigurationList;
			buildConfigurations = (
				C9160586132AE60400914FFC /* Debug */,
				C9160588132AE61000914FFC /* Release */,
				7F7A5615129D436D00E0ED12 /* App Store */,
			);
			defaultConfigurationIsVisible = 0;
			defaultConfigurationName = Debug;
		};
		1DEB91B108733DA50010E9CD /* Build configuration list for PBXProject "gtypes" */ = {
			isa = XCConfigurationList;
			buildConfigurations = (
				C9160585132AE60400914FFC /* Debug */,
				C9160587132AE61000914FFC /* Release */,
				7F7A5614129D436D00E0ED12 /* App Store */,
			);
			defaultConfigurationIsVisible = 0;
			defaultConfigurationName = Debug;
		};
		D1353E871AD311BA00BB5829 /* Build configuration list for PBXNativeTarget "gtypesTests (Mac)" */ = {
			isa = XCConfigurationList;
			buildConfigurations = (
				D1353E881AD311BA00BB5829 /* Debug */,
				D1353E891AD311BA00BB5829 /* Release */,
				D1353E8A1AD311BA00BB5829 /* App Store */,
			);
			defaultConfigurationIsVisible = 0;
			defaultConfigurationName = Debug;
		};
		D1522F2B140F79500012F290 /* Build configuration list for PBXNativeTarget "gtypes (iOS)" */ = {
			isa = XCConfigurationList;
			buildConfigurations = (
				D1522F27140F79500012F290 /* Debug */,
				D1522F29140F79500012F290 /* Release */,
				D1522F2A140F79500012F290 /* App Store */,
			);
			defaultConfigurationIsVisible = 0;
			defaultConfigurationName = Debug;
		};
		D175DE3D20DBF34300CC44BB /* Build configuration list for PBXNativeTarget "gtypesTests (iOS)" */ = {
			isa = XCConfigurationList;
			buildConfigurations = (
				D175DE3A20DBF34300CC44BB /* Debug */,
				D175DE3B20DBF34300CC44BB /* Release */,
				D175DE3C20DBF34300CC44BB /* App Store */,
			);
			defaultConfigurationIsVisible = 0;
			defaultConfigurationName = Debug;
		};
		D1F27A83177A2CB600E5C131 /* Build configuration list for PBXNativeTarget "gtypes (Mac)" */ = {
			isa = XCConfigurationList;
			buildConfigurations = (
				D1F27A85177A2CB600E5C131 /* Debug */,
				D1F27A87177A2CB600E5C131 /* Release */,
				D1F27A88177A2CB600E5C131 /* App Store */,
			);
			defaultConfigurationIsVisible = 0;
			defaultConfigurationName = Debug;
		};
/* End XCConfigurationList section */
	};
	rootObject = 0867D690FE84028FC02AAC07 /* Project object */;
}
